github.com/google/brotli/go/cbrotli v0.0.0-20241125091258-91d96d3d9353 h1:irFPUC3F3zBJBtz3oaggbxrt9m9YySnQk+XXJuNjy2Y=
github.com/google/brotli/go/cbrotli v0.0.0-20241125091258-91d96d3d9353/go.mod h1:nOPhAkwVliJdNTkj3gXpljmWhjc4wCaVqbMJcPKWP4s=
github.com/valyala/fastjson v1.6.4 h1:uAUNq9Z6ymTgGhcm0UynUAB6tlbakBrz6CQFax3BXVQ=
github.com/valyala/fastjson v1.6.4/go.mod h1:CLCAqky6SMuOcxStkYQvblddUtoRxhYMGLrsQns1aXY=
